// !$*UTF8*$!
{
	archiveVersion = 1;
	classes = {
	};
	objectVersion = 50;
	objects = {

/* Begin PBXBuildFile section */
		789471B323F9BB7A004EAD18 /* AppDelegate.swift in Sources */ = {isa = PBXBuildFile; fileRef = 789471B223F9BB7A004EAD18 /* AppDelegate.swift */; };
		789471B523F9BB7A004EAD18 /* SceneDelegate.swift in Sources */ = {isa = PBXBuildFile; fileRef = 789471B423F9BB7A004EAD18 /* SceneDelegate.swift */; };
		789471B723F9BB7A004EAD18 /* ViewController.swift in Sources */ = {isa = PBXBuildFile; fileRef = 789471B623F9BB7A004EAD18 /* ViewController.swift */; };
		789471BA23F9BB7A004EAD18 /* Main.storyboard in Resources */ = {isa = PBXBuildFile; fileRef = 789471B823F9BB7A004EAD18 /* Main.storyboard */; };
		789471BC23F9BB7C004EAD18 /* Assets.xcassets in Resources */ = {isa = PBXBuildFile; fileRef = 789471BB23F9BB7C004EAD18 /* Assets.xcassets */; };
		789471BF23F9BB7C004EAD18 /* LaunchScreen.storyboard in Resources */ = {isa = PBXBuildFile; fileRef = 789471BD23F9BB7C004EAD18 /* LaunchScreen.storyboard */; };
		78D76C2823FB0ADA00661602 /* TableViewHeaderFooterView.swift in Sources */ = {isa = PBXBuildFile; fileRef = 78D76C2723FB0ADA00661602 /* TableViewHeaderFooterView.swift */; };
		78D76C2A23FB0C3800661602 /* TableViewHeaderFooterView.xib in Resources */ = {isa = PBXBuildFile; fileRef = 78D76C2923FB0C3800661602 /* TableViewHeaderFooterView.xib */; };
		78D76C2C23FB357D00661602 /* ViewExtensions.swift in Sources */ = {isa = PBXBuildFile; fileRef = 78D76C2B23FB357D00661602 /* ViewExtensions.swift */; };
/* End PBXBuildFile section */

/* Begin PBXFileReference section */
		789471AF23F9BB7A004EAD18 /* PinHeaderTables.app */ = {isa = PBXFileReference; explicitFileType = wrapper.application; includeInIndex = 0; path = PinHeaderTables.app; sourceTree = BUILT_PRODUCTS_DIR; };
		789471B223F9BB7A004EAD18 /* AppDelegate.swift */ = {isa = PBXFileReference; lastKnownFileType = sourcecode.swift; path = AppDelegate.swift; sourceTree = "<group>"; };
		789471B423F9BB7A004EAD18 /* SceneDelegate.swift */ = {isa = PBXFileReference; lastKnownFileType = sourcecode.swift; path = SceneDelegate.swift; sourceTree = "<group>"; };
		789471B623F9BB7A004EAD18 /* ViewController.swift */ = {isa = PBXFileReference; lastKnownFileType = sourcecode.swift; path = ViewController.swift; sourceTree = "<group>"; };
		789471B923F9BB7A004EAD18 /* Base */ = {isa = PBXFileReference; lastKnownFileType = file.storyboard; name = Base; path = Base.lproj/Main.storyboard; sourceTree = "<group>"; };
		789471BB23F9BB7C004EAD18 /* Assets.xcassets */ = {isa = PBXFileReference; lastKnownFileType = folder.assetcatalog; path = Assets.xcassets; sourceTree = "<group>"; };
		789471BE23F9BB7C004EAD18 /* Base */ = {isa = PBXFileReference; lastKnownFileType = file.storyboard; name = Base; path = Base.lproj/LaunchScreen.storyboard; sourceTree = "<group>"; };
		789471C023F9BB7C004EAD18 /* Info.plist */ = {isa = PBXFileReference; lastKnownFileType = text.plist.xml; path = Info.plist; sourceTree = "<group>"; };
		78D76C2723FB0ADA00661602 /* TableViewHeaderFooterView.swift */ = {isa = PBXFileReference; lastKnownFileType = sourcecode.swift; path = TableViewHeaderFooterView.swift; sourceTree = "<group>"; };
		78D76C2923FB0C3800661602 /* TableViewHeaderFooterView.xib */ = {isa = PBXFileReference; lastKnownFileType = file.xib; path = TableViewHeaderFooterView.xib; sourceTree = "<group>"; };
		78D76C2B23FB357D00661602 /* ViewExtensions.swift */ = {isa = PBXFileReference; lastKnownFileType = sourcecode.swift; path = ViewExtensions.swift; sourceTree = "<group>"; };
/* End PBXFileReference section */

/* Begin PBXFrameworksBuildPhase section */
		789471AC23F9BB7A004EAD18 /* Frameworks */ = {
			isa = PBXFrameworksBuildPhase;
			buildActionMask = 2147483647;
			files = (
			);
			runOnlyForDeploymentPostprocessing = 0;
		};
/* End PBXFrameworksBuildPhase section */

/* Begin PBXGroup section */
		789471A623F9BB79004EAD18 = {
			isa = PBXGroup;
			children = (
				78D76C2B23FB357D00661602 /* ViewExtensions.swift */,
				78D76C2923FB0C3800661602 /* TableViewHeaderFooterView.xib */,
				78D76C2723FB0ADA00661602 /* TableViewHeaderFooterView.swift */,
				789471B123F9BB7A004EAD18 /* PinHeaderTables */,
				789471B023F9BB7A004EAD18 /* Products */,
			);
			sourceTree = "<group>";
		};
		789471B023F9BB7A004EAD18 /* Products */ = {
			isa = PBXGroup;
			children = (
				789471AF23F9BB7A004EAD18 /* PinHeaderTables.app */,
			);
			name = Products;
			sourceTree = "<group>";
		};
		789471B123F9BB7A004EAD18 /* PinHeaderTables */ = {
			isa = PBXGroup;
			children = (
				789471B223F9BB7A004EAD18 /* AppDelegate.swift */,
				789471B423F9BB7A004EAD18 /* SceneDelegate.swift */,
				789471B623F9BB7A004EAD18 /* ViewController.swift */,
				789471B823F9BB7A004EAD18 /* Main.storyboard */,
				789471BB23F9BB7C004EAD18 /* Assets.xcassets */,
				789471BD23F9BB7C004EAD18 /* LaunchScreen.storyboard */,
				789471C023F9BB7C004EAD18 /* Info.plist */,
			);
			path = PinHeaderTables;
			sourceTree = "<group>";
		};
/* End PBXGroup section */

/* Begin PBXNativeTarget section */
		789471AE23F9BB7A004EAD18 /* PinHeaderTables */ = {
			isa = PBXNativeTarget;
			buildConfigurationList = 789471C323F9BB7C004EAD18 /* Build configuration list for PBXNativeTarget "PinHeaderTables" */;
			buildPhases = (
				789471AB23F9BB7A004EAD18 /* Sources */,
				789471AC23F9BB7A004EAD18 /* Frameworks */,
				789471AD23F9BB7A004EAD18 /* Resources */,
			);
			buildRules = (
			);
			dependencies = (
			);
			name = PinHeaderTables;
			productName = PinHeaderTables;
			productReference = 789471AF23F9BB7A004EAD18 /* PinHeaderTables.app */;
			productType = "com.apple.product-type.application";
		};
/* End PBXNativeTarget section */

/* Begin PBXProject section */
		789471A723F9BB7A004EAD18 /* Project object */ = {
			isa = PBXProject;
			attributes = {
				LastSwiftUpdateCheck = 1120;
				LastUpgradeCheck = 1120;
				ORGANIZATIONNAME = TablesPinHeader;
				TargetAttributes = {
					789471AE23F9BB7A004EAD18 = {
						CreatedOnToolsVersion = 11.2.1;
					};
				};
			};
			buildConfigurationList = 789471AA23F9BB7A004EAD18 /* Build configuration list for PBXProject "PinHeaderTables" */;
			compatibilityVersion = "Xcode 9.3";
			developmentRegion = en;
			hasScannedForEncodings = 0;
			knownRegions = (
				en,
				Base,
			);
			mainGroup = 789471A623F9BB79004EAD18;
			productRefGroup = 789471B023F9BB7A004EAD18 /* Products */;
			projectDirPath = "";
			projectRoot = "";
			targets = (
				789471AE23F9BB7A004EAD18 /* PinHeaderTables */,
			);
		};
/* End PBXProject section */

/* Begin PBXResourcesBuildPhase section */
		789471AD23F9BB7A004EAD18 /* Resources */ = {
			isa = PBXResourcesBuildPhase;
			buildActionMask = 2147483647;
			files = (
				78D76C2A23FB0C3800661602 /* TableViewHeaderFooterView.xib in Resources */,
				789471BF23F9BB7C004EAD18 /* LaunchScreen.storyboard in Resources */,
				789471BC23F9BB7C004EAD18 /* Assets.xcassets in Resources */,
				789471BA23F9BB7A004EAD18 /* Main.storyboard in Resources */,
			);
			runOnlyForDeploymentPostprocessing = 0;
		};
/* End PBXResourcesBuildPhase section */

/* Begin PBXSourcesBuildPhase section */
		789471AB23F9BB7A004EAD18 /* Sources */ = {
			isa = PBXSourcesBuildPhase;
			buildActionMask = 2147483647;
			files = (
				78D76C2823FB0ADA00661602 /* TableViewHeaderFooterView.swift in Sources */,
				789471B723F9BB7A004EAD18 /* ViewController.swift in Sources */,
				789471B323F9BB7A004EAD18 /* AppDelegate.swift in Sources */,
				78D76C2C23FB357D00661602 /* ViewExtensions.swift in Sources */,
				789471B523F9BB7A004EAD18 /* SceneDelegate.swift in Sources */,
			);
			runOnlyForDeploymentPostprocessing = 0;
		};
/* End PBXSourcesBuildPhase section */

/* Begin PBXVariantGroup section */
		789471B823F9BB7A004EAD18 /* Main.storyboard */ = {
			isa = PBXVariantGroup;
			children = (
				789471B923F9BB7A004EAD18 /* Base */,
			);
			name = Main.storyboard;
			sourceTree = "<group>";
		};
		789471BD23F9BB7C004EAD18 /* LaunchScreen.storyboard */ = {
			isa = PBXVariantGroup;
			children = (
				789471BE23F9BB7C004EAD18 /* Base */,
			);
			name = LaunchScreen.storyboard;
			sourceTree = "<group>";
		};
/* End PBXVariantGroup section */

/* Begin XCBuildConfiguration section */
		789471C123F9BB7C004EAD18 /* Debug */ = {
			isa = XCBuildConfiguration;
			buildSettings = {
				ALWAYS_SEARCH_USER_PATHS = NO;
				CLANG_ANALYZER_NONNULL = YES;
				CLANG_ANALYZER_NUMBER_OBJECT_CONVERSION = YES_AGGRESSIVE;
				CLANG_CXX_LANGUAGE_STANDARD = "gnu++14";
				CLANG_CXX_LIBRARY = "libc++";
				CLANG_ENABLE_MODULES = YES;
				CLANG_ENABLE_OBJC_ARC = YES;
				CLANG_ENABLE_OBJC_WEAK = YES;
				CLANG_WARN_BLOCK_CAPTURE_AUTORELEASING = YES;
				CLANG_WARN_BOOL_CONVERSION = YES;
				CLANG_WARN_COMMA = YES;
				CLANG_WARN_CONSTANT_CONVERSION = YES;
				CLANG_WARN_DEPRECATED_OBJC_IMPLEMENTATIONS = YES;
				CLANG_WARN_DIRECT_OBJC_ISA_USAGE = YES_ERROR;
				CLANG_WARN_DOCUMENTATION_COMMENTS = YES;
				CLANG_WARN_EMPTY_BODY = YES;
				CLANG_WARN_ENUM_CONVERSION = YES;
				CLANG_WARN_INFINITE_RECURSION = YES;
				CLANG_WARN_INT_CONVERSION = YES;
				CLANG_WARN_NON_LITERAL_NULL_CONVERSION = YES;
				CLANG_WARN_OBJC_IMPLICIT_RETAIN_SELF = YES;
				CLANG_WARN_OBJC_LITERAL_CONVERSION = YES;
				CLANG_WARN_OBJC_ROOT_CLASS = YES_ERROR;
				CLANG_WARN_RANGE_LOOP_ANALYSIS = YES;
				CLANG_WARN_STRICT_PROTOTYPES = YES;
				CLANG_WARN_SUSPICIOUS_MOVE = YES;
				CLANG_WARN_UNGUARDED_AVAILABILITY = YES_AGGRESSIVE;
				CLANG_WARN_UNREACHABLE_CODE = YES;
				CLANG_WARN__DUPLICATE_METHOD_MATCH = YES;
				COPY_PHASE_STRIP = NO;
				DEBUG_INFORMATION_FORMAT = dwarf;
				ENABLE_STRICT_OBJC_MSGSEND = YES;
				ENABLE_TESTABILITY = YES;
				GCC_C_LANGUAGE_STANDARD = gnu11;
				GCC_DYNAMIC_NO_PIC = NO;
				GCC_NO_COMMON_BLOCKS = YES;
				GCC_OPTIMIZATION_LEVEL = 0;
				GCC_PREPROCESSOR_DEFINITIONS = (
					"DEBUG=1",
					"$(inherited)",
				);
				GCC_WARN_64_TO_32_BIT_CONVERSION = YES;
				GCC_WARN_ABOUT_RETURN_TYPE = YES_ERROR;
				GCC_WARN_UNDECLARED_SELECTOR = YES;
				GCC_WARN_UNINITIALIZED_AUTOS = YES_AGGRESSIVE;
				GCC_WARN_UNUSED_FUNCTION = YES;
				GCC_WARN_UNUSED_VARIABLE = YES;
				IPHONEOS_DEPLOYMENT_TARGET = 13.2;
				MTL_ENABLE_DEBUG_INFO = INCLUDE_SOURCE;
				MTL_FAST_MATH = YES;
				ONLY_ACTIVE_ARCH = YES;
				SDKROOT = iphoneos;
				SWIFT_ACTIVE_COMPILATION_CONDITIONS = DEBUG;
				SWIFT_OPTIMIZATION_LEVEL = "-Onone";
			};
			name = Debug;
		};
		789471C223F9BB7C004EAD18 /* Release */ = {
			isa = XCBuildConfiguration;
			buildSettings = {
				ALWAYS_SEARCH_USER_PATHS = NO;
				CLANG_ANALYZER_NONNULL = YES;
				CLANG_ANALYZER_NUMBER_OBJECT_CONVERSION = YES_AGGRESSIVE;
				CLANG_CXX_LANGUAGE_STANDARD = "gnu++14";
				CLANG_CXX_LIBRARY = "libc++";
				CLANG_ENABLE_MODULES = YES;
				CLANG_ENABLE_OBJC_ARC = YES;
				CLANG_ENABLE_OBJC_WEAK = YES;
				CLANG_WARN_BLOCK_CAPTURE_AUTORELEASING = YES;
				CLANG_WARN_BOOL_CONVERSION = YES;
				CLANG_WARN_COMMA = YES;
				CLANG_WARN_CONSTANT_CONVERSION = YES;
				CLANG_WARN_DEPRECATED_OBJC_IMPLEMENTATIONS = YES;
				CLANG_WARN_DIRECT_OBJC_ISA_USAGE = YES_ERROR;
				CLANG_WARN_DOCUMENTATION_COMMENTS = YES;
				CLANG_WARN_EMPTY_BODY = YES;
				CLANG_WARN_ENUM_CONVERSION = YES;
				CLANG_WARN_INFINITE_RECURSION = YES;
				CLANG_WARN_INT_CONVERSION = YES;
				CLANG_WARN_NON_LITERAL_NULL_CONVERSION = YES;
				CLANG_WARN_OBJC_IMPLICIT_RETAIN_SELF = YES;
				CLANG_WARN_OBJC_LITERAL_CONVERSION = YES;
				CLANG_WARN_OBJC_ROOT_CLASS = YES_ERROR;
				CLANG_WARN_RANGE_LOOP_ANALYSIS = YES;
				CLANG_WARN_STRICT_PROTOTYPES = YES;
				CLANG_WARN_SUSPICIOUS_MOVE = YES;
				CLANG_WARN_UNGUARDED_AVAILABILITY = YES_AGGRESSIVE;
				CLANG_WARN_UNREACHABLE_CODE = YES;
				CLANG_WARN__DUPLICATE_METHOD_MATCH = YES;
				COPY_PHASE_STRIP = NO;
				DEBUG_INFORMATION_FORMAT = "dwarf-with-dsym";
				ENABLE_NS_ASSERTIONS = NO;
				ENABLE_STRICT_OBJC_MSGSEND = YES;
				GCC_C_LANGUAGE_STANDARD = gnu11;
				GCC_NO_COMMON_BLOCKS = YES;
				GCC_WARN_64_TO_32_BIT_CONVERSION = YES;
				GCC_WARN_ABOUT_RETURN_TYPE = YES_ERROR;
				GCC_WARN_UNDECLARED_SELECTOR = YES;
				GCC_WARN_UNINITIALIZED_AUTOS = YES_AGGRESSIVE;
				GCC_WARN_UNUSED_FUNCTION = YES;
				GCC_WARN_UNUSED_VARIABLE = YES;
				IPHONEOS_DEPLOYMENT_TARGET = 13.2;
				MTL_ENABLE_DEBUG_INFO = NO;
				MTL_FAST_MATH = YES;
				SDKROOT = iphoneos;
				SWIFT_COMPILATION_MODE = wholemodule;
				SWIFT_OPTIMIZATION_LEVEL = "-O";
				VALIDATE_PRODUCT = YES;
			};
			name = Release;
		};
		789471C423F9BB7C004EAD18 /* Debug */ = {
			isa = XCBuildConfiguration;
			buildSettings = {
				ASSETCATALOG_COMPILER_APPICON_NAME = AppIcon;
				CODE_SIGN_STYLE = Automatic;
				DEVELOPMENT_TEAM = TYAD629S9N;
				INFOPLIST_FILE = PinHeaderTables/Info.plist;
				LD_RUNPATH_SEARCH_PATHS = (
					"$(inherited)",
					"@executable_path/Frameworks",
				);
				PRODUCT_BUNDLE_IDENTIFIER = com.testapp.tablePinHeader.PinHeaderTables;
				PRODUCT_NAME = "$(TARGET_NAME)";
				SWIFT_VERSION = 5.0;
				TARGETED_DEVICE_FAMILY = "1,2";
			};
			name = Debug;
		};
		789471C523F9BB7C004EAD18 /* Release */ = {
			isa = XCBuildConfiguration;
			buildSettings = {
				ASSETCATALOG_COMPILER_APPICON_NAME = AppIcon;
				CODE_SIGN_STYLE = Automatic;
				DEVELOPMENT_TEAM = TYAD629S9N;
				INFOPLIST_FILE = PinHeaderTables/Info.plist;
				LD_RUNPATH_SEARCH_PATHS = (
					"$(inherited)",
					"@executable_path/Frameworks",
				);
				PRODUCT_BUNDLE_IDENTIFIER = com.testapp.tablePinHeader.PinHeaderTables;
				PRODUCT_NAME = "$(TARGET_NAME)";
				SWIFT_VERSION = 5.0;
				TARGETED_DEVICE_FAMILY = "1,2";
			};
			name = Release;
		};
/* End XCBuildConfiguration section */

/* Begin XCConfigurationList section */
		789471AA23F9BB7A004EAD18 /* Build configuration list for PBXProject "PinHeaderTables" */ = {
			isa = XCConfigurationList;
			buildConfigurations = (
				789471C123F9BB7C004EAD18 /* Debug */,
				789471C223F9BB7C004EAD18 /* Release */,
			);
			defaultConfigurationIsVisible = 0;
			defaultConfigurationName = Release;
		};
		789471C323F9BB7C004EAD18 /* Build configuration list for PBXNativeTarget "PinHeaderTables" */ = {
			isa = XCConfigurationList;
			buildConfigurations = (
				789471C423F9BB7C004EAD18 /* Debug */,
				789471C523F9BB7C004EAD18 /* Release */,
			);
			defaultConfigurationIsVisible = 0;
			defaultConfigurationName = Release;
		};
/* End XCConfigurationList section */
	};
	rootObject = 789471A723F9BB7A004EAD18 /* Project object */;
}
